
Microsoft Visual Studio Solution File, Format Version 11.00
# Visual C# Express 2010
Project("{FAE04EC0-301F-11D3-BF4B-00C04F79EFBC}") = "Variant6", "Variant6\Variant6.csproj", "{FDA92F9B-744D-47BD-9C40-C0B17E10D22D}"
EndProject
Project("{FAE04EC0-301F-11D3-BF4B-00C04F79EFBC}") = "MyFunctions", "MyFunctions\MyFunctions.csproj", "{7DCAB4BF-F351-466E-9807-12077B4872DF}"
EndProject
Global
	GlobalSection(SolutionConfigurationPlatforms) = preSolution
		Debug|Any CPU = Debug|Any CPU
		Debug|Mixed Platforms = Debug|Mixed Platforms
		Debug|x86 = Debug|x86
		Release|Any CPU = Release|Any CPU
		Release|Mixed Platforms = Release|Mixed Platforms
		Release|x86 = Release|x86
	EndGlobalSection
	GlobalSection(ProjectConfigurationPlatforms) = postSolution
		{FDA92F9B-744D-47BD-9C40-C0B17E10D22D}.Debug|Any CPU.ActiveCfg = Debug|x86
		{FDA92F9B-744D-47BD-9C40-C0B17E10D22D}.Debug|Mixed Platforms.ActiveCfg = Debug|x86
		{FDA92F9B-744D-47BD-9C40-C0B17E10D22D}.Debug|Mixed Platforms.Build.0 = Debug|x86
		{FDA92F9B-744D-47BD-9C40-C0B17E10D22D}.Debug|x86.ActiveCfg = Debug|x86
		{FDA92F9B-744D-47BD-9C40-C0B17E10D22D}.Debug|x86.Build.0 = Debug|x86
		{FDA92F9B-744D-47BD-9C40-C0B17E10D22D}.Release|Any CPU.ActiveCfg = Release|x86
		{FDA92F9B-744D-47BD-9C40-C0B17E10D22D}.Release|Mixed Platforms.ActiveCfg = Release|x86
		{FDA92F9B-744D-47BD-9C40-C0B17E10D22D}.Release|Mixed Platforms.Build.0 = Release|x86
		{FDA92F9B-744D-47BD-9C40-C0B17E10D22D}.Release|x86.ActiveCfg = Release|x86
		{FDA92F9B-744D-47BD-9C40-C0B17E10D22D}.Release|x86.Build.0 = Release|x86
		{7DCAB4BF-F351-466E-9807-12077B4872DF}.Debug|Any CPU.ActiveCfg = Debug|Any CPU
		{7DCAB4BF-F351-466E-9807-12077B4872DF}.Debug|Any CPU.Build.0 = Debug|Any CPU
		{7DCAB4BF-F351-466E-9807-12077B4872DF}.Debug|Mixed Platforms.ActiveCfg = Debug|Any CPU
		{7DCAB4BF-F351-466E-9807-12077B4872DF}.Debug|Mixed Platforms.Build.0 = Debug|Any CPU
		{7DCAB4BF-F351-466E-9807-12077B4872DF}.Debug|x86.ActiveCfg = Debug|Any CPU
		{7DCAB4BF-F351-466E-9807-12077B4872DF}.Release|Any CPU.ActiveCfg = Release|Any CPU
		{7DCAB4BF-F351-466E-9807-12077B4872DF}.Release|Any CPU.Build.0 = Release|Any CPU
		{7DCAB4BF-F351-466E-9807-12077B4872DF}.Release|Mixed Platforms.ActiveCfg = Release|Any CPU
		{7DCAB4BF-F351-466E-9807-12077B4872DF}.Release|Mixed Platforms.Build.0 = Release|Any CPU
		{7DCAB4BF-F351-466E-9807-12077B4872DF}.Release|x86.ActiveCfg = Release|Any CPU
	EndGlobalSection
	GlobalSection(SolutionProperties) = preSolution
		HideSolutionNode = FALSE
	EndGlobalSection
EndGlobal
